
Microsoft Visual Studio Solution File, Format Version 10.00
# Visual Studio 2008
Project("{8BC9CEB8-8B4A-11D0-8D11-00A0C91BC942}") = "gclib", "gclib\gclib.vcproj", "{2B946445-B426-4CA9-B92A-14703EC27429}"
EndProject
Project("{8BC9CEB8-8B4A-11D0-8D11-00A0C91BC942}") = "gclibstat", "gclib\gclibstat.vcproj", "{4AB6F3B1-5526-4D8A-89E7-416383E8546F}"
EndProject
Global
	GlobalSection(SolutionConfigurationPlatforms) = preSolution
		Debug|Win32 = Debug|Win32
		Release|Win32 = Release|Win32
	EndGlobalSection
	GlobalSection(ProjectConfigurationPlatforms) = postSolution
		{2B946445-B426-4CA9-B92A-14703EC27429}.Debug|Win32.ActiveCfg = Debug|Win32
		{2B946445-B426-4CA9-B92A-14703EC27429}.Debug|Win32.Build.0 = Debug|Win32
		{2B946445-B426-4CA9-B92A-14703EC27429}.Release|Win32.ActiveCfg = Release|Win32
		{2B946445-B426-4CA9-B92A-14703EC27429}.Release|Win32.Build.0 = Release|Win32
		{4AB6F3B1-5526-4D8A-89E7-416383E8546F}.Debug|Win32.ActiveCfg = Debug|Win32
		{4AB6F3B1-5526-4D8A-89E7-416383E8546F}.Debug|Win32.Build.0 = Debug|Win32
		{4AB6F3B1-5526-4D8A-89E7-416383E8546F}.Release|Win32.ActiveCfg = Release|Win32
		{4AB6F3B1-5526-4D8A-89E7-416383E8546F}.Release|Win32.Build.0 = Release|Win32
	EndGlobalSection
	GlobalSection(SolutionProperties) = preSolution
		HideSolutionNode = FALSE
	EndGlobalSection
EndGlobal
